
Microsoft Visual Studio Solution File, Format Version 12.00
# Visual Studio Version 16
VisualStudioVersion = 16.0.31205.134
MinimumVisualStudioVersion = 10.0.40219.1
Project("{FAE04EC0-301F-11D3-BF4B-00C04F79EFBC}") = "FootboolManager", "FootboolManager\FootboolManager.csproj", "{0A43ADF4-9E5F-4AF1-AFB4-D20459BAA65B}"
EndProject
Global
	GlobalSection(SolutionConfigurationPlatforms) = preSolution
		Debug|Any CPU = Debug|Any CPU
		Release|Any CPU = Release|Any CPU
	EndGlobalSection
	GlobalSection(ProjectConfigurationPlatforms) = postSolution
		{0A43ADF4-9E5F-4AF1-AFB4-D20459BAA65B}.Debug|Any CPU.ActiveCfg = Debug|Any CPU
		{0A43ADF4-9E5F-4AF1-AFB4-D20459BAA65B}.Debug|Any CPU.Build.0 = Debug|Any CPU
		{0A43ADF4-9E5F-4AF1-AFB4-D20459BAA65B}.Release|Any CPU.ActiveCfg = Release|Any CPU
		{0A43ADF4-9E5F-4AF1-AFB4-D20459BAA65B}.Release|Any CPU.Build.0 = Release|Any CPU
	EndGlobalSection
	GlobalSection(SolutionProperties) = preSolution
		HideSolutionNode = FALSE
	EndGlobalSection
	GlobalSection(ExtensibilityGlobals) = postSolution
		SolutionGuid = {692C1518-5760-4DFF-9EB3-6C0662905E7C}
	EndGlobalSection
EndGlobal
